
Microsoft Visual Studio Solution File, Format Version 12.00
# Visual Studio 15
VisualStudioVersion = 15.0.27428.2037
MinimumVisualStudioVersion = 10.0.40219.1
Project("{8BC9CEB8-8B4A-11D0-8D11-00A0C91BC942}") = "一维数组的样本方差", "一维数组的样本方差\一维数组的样本方差.vcxproj", "{904F4A55-7937-42C0-B746-7EE07F1E86A5}"
EndProject
Global
	GlobalSection(SolutionConfigurationPlatforms) = preSolution
		Debug|x64 = Debug|x64
		Debug|x86 = Debug|x86
		Release|x64 = Release|x64
		Release|x86 = Release|x86
	EndGlobalSection
	GlobalSection(ProjectConfigurationPlatforms) = postSolution
		{904F4A55-7937-42C0-B746-7EE07F1E86A5}.Debug|x64.ActiveCfg = Debug|x64
		{904F4A55-7937-42C0-B746-7EE07F1E86A5}.Debug|x64.Build.0 = Debug|x64
		{904F4A55-7937-42C0-B746-7EE07F1E86A5}.Debug|x86.ActiveCfg = Debug|Win32
		{904F4A55-7937-42C0-B746-7EE07F1E86A5}.Debug|x86.Build.0 = Debug|Win32
		{904F4A55-7937-42C0-B746-7EE07F1E86A5}.Release|x64.ActiveCfg = Release|x64
		{904F4A55-7937-42C0-B746-7EE07F1E86A5}.Release|x64.Build.0 = Release|x64
		{904F4A55-7937-42C0-B746-7EE07F1E86A5}.Release|x86.ActiveCfg = Release|Win32
		{904F4A55-7937-42C0-B746-7EE07F1E86A5}.Release|x86.Build.0 = Release|Win32
	EndGlobalSection
	GlobalSection(SolutionProperties) = preSolution
		HideSolutionNode = FALSE
	EndGlobalSection
	GlobalSection(ExtensibilityGlobals) = postSolution
		SolutionGuid = {003A4AAC-3DC6-4AA5-BEA3-6328CFFBFC0F}
	EndGlobalSection
EndGlobal
