
Microsoft Visual Studio Solution File, Format Version 12.00
# Visual Studio 15
VisualStudioVersion = 15.0.27428.2037
MinimumVisualStudioVersion = 10.0.40219.1
Project("{8BC9CEB8-8B4A-11D0-8D11-00A0C91BC942}") = "数值积分-自适应积分", "数值积分-自适应积分\数值积分-自适应积分.vcxproj", "{1EDE8177-40F3-41D9-9E75-73B766F4A81F}"
EndProject
Global
	GlobalSection(SolutionConfigurationPlatforms) = preSolution
		Debug|x64 = Debug|x64
		Debug|x86 = Debug|x86
		Release|x64 = Release|x64
		Release|x86 = Release|x86
	EndGlobalSection
	GlobalSection(ProjectConfigurationPlatforms) = postSolution
		{1EDE8177-40F3-41D9-9E75-73B766F4A81F}.Debug|x64.ActiveCfg = Debug|x64
		{1EDE8177-40F3-41D9-9E75-73B766F4A81F}.Debug|x64.Build.0 = Debug|x64
		{1EDE8177-40F3-41D9-9E75-73B766F4A81F}.Debug|x86.ActiveCfg = Debug|Win32
		{1EDE8177-40F3-41D9-9E75-73B766F4A81F}.Debug|x86.Build.0 = Debug|Win32
		{1EDE8177-40F3-41D9-9E75-73B766F4A81F}.Release|x64.ActiveCfg = Release|x64
		{1EDE8177-40F3-41D9-9E75-73B766F4A81F}.Release|x64.Build.0 = Release|x64
		{1EDE8177-40F3-41D9-9E75-73B766F4A81F}.Release|x86.ActiveCfg = Release|Win32
		{1EDE8177-40F3-41D9-9E75-73B766F4A81F}.Release|x86.Build.0 = Release|Win32
	EndGlobalSection
	GlobalSection(SolutionProperties) = preSolution
		HideSolutionNode = FALSE
	EndGlobalSection
	GlobalSection(ExtensibilityGlobals) = postSolution
		SolutionGuid = {F307A5A0-EB87-41D7-9614-F65AC9ED21A7}
	EndGlobalSection
EndGlobal
