
Microsoft Visual Studio Solution File, Format Version 12.00
# Visual Studio 15
VisualStudioVersion = 15.0.27428.2037
MinimumVisualStudioVersion = 10.0.40219.1
Project("{8BC9CEB8-8B4A-11D0-8D11-00A0C91BC942}") = "素筛法", "素筛法\素筛法.vcxproj", "{75F2A930-C26C-45A0-95CF-D809DB0523E4}"
EndProject
Global
	GlobalSection(SolutionConfigurationPlatforms) = preSolution
		Debug|x64 = Debug|x64
		Debug|x86 = Debug|x86
		Release|x64 = Release|x64
		Release|x86 = Release|x86
	EndGlobalSection
	GlobalSection(ProjectConfigurationPlatforms) = postSolution
		{75F2A930-C26C-45A0-95CF-D809DB0523E4}.Debug|x64.ActiveCfg = Debug|x64
		{75F2A930-C26C-45A0-95CF-D809DB0523E4}.Debug|x64.Build.0 = Debug|x64
		{75F2A930-C26C-45A0-95CF-D809DB0523E4}.Debug|x86.ActiveCfg = Debug|Win32
		{75F2A930-C26C-45A0-95CF-D809DB0523E4}.Debug|x86.Build.0 = Debug|Win32
		{75F2A930-C26C-45A0-95CF-D809DB0523E4}.Release|x64.ActiveCfg = Release|x64
		{75F2A930-C26C-45A0-95CF-D809DB0523E4}.Release|x64.Build.0 = Release|x64
		{75F2A930-C26C-45A0-95CF-D809DB0523E4}.Release|x86.ActiveCfg = Release|Win32
		{75F2A930-C26C-45A0-95CF-D809DB0523E4}.Release|x86.Build.0 = Release|Win32
	EndGlobalSection
	GlobalSection(SolutionProperties) = preSolution
		HideSolutionNode = FALSE
	EndGlobalSection
	GlobalSection(ExtensibilityGlobals) = postSolution
		SolutionGuid = {F4DE08F4-A447-4433-A129-654B44FE2DB7}
	EndGlobalSection
EndGlobal
