
Microsoft Visual Studio Solution File, Format Version 12.00
# Visual Studio 15
VisualStudioVersion = 15.0.27428.2037
MinimumVisualStudioVersion = 10.0.40219.1
Project("{8BC9CEB8-8B4A-11D0-8D11-00A0C91BC942}") = "快速幂", "快速幂\快速幂.vcxproj", "{DA340576-B280-45BB-A998-7273E7A3A468}"
EndProject
Global
	GlobalSection(SolutionConfigurationPlatforms) = preSolution
		Debug|x64 = Debug|x64
		Debug|x86 = Debug|x86
		Release|x64 = Release|x64
		Release|x86 = Release|x86
	EndGlobalSection
	GlobalSection(ProjectConfigurationPlatforms) = postSolution
		{DA340576-B280-45BB-A998-7273E7A3A468}.Debug|x64.ActiveCfg = Debug|x64
		{DA340576-B280-45BB-A998-7273E7A3A468}.Debug|x64.Build.0 = Debug|x64
		{DA340576-B280-45BB-A998-7273E7A3A468}.Debug|x86.ActiveCfg = Debug|Win32
		{DA340576-B280-45BB-A998-7273E7A3A468}.Debug|x86.Build.0 = Debug|Win32
		{DA340576-B280-45BB-A998-7273E7A3A468}.Release|x64.ActiveCfg = Release|x64
		{DA340576-B280-45BB-A998-7273E7A3A468}.Release|x64.Build.0 = Release|x64
		{DA340576-B280-45BB-A998-7273E7A3A468}.Release|x86.ActiveCfg = Release|Win32
		{DA340576-B280-45BB-A998-7273E7A3A468}.Release|x86.Build.0 = Release|Win32
	EndGlobalSection
	GlobalSection(SolutionProperties) = preSolution
		HideSolutionNode = FALSE
	EndGlobalSection
	GlobalSection(ExtensibilityGlobals) = postSolution
		SolutionGuid = {699B1755-EA2B-44FC-A0D3-E66FF32A852B}
	EndGlobalSection
EndGlobal
